
Microsoft Visual Studio Solution File, Format Version 12.00
# Visual Studio Version 16
VisualStudioVersion = 16.0.29424.173
MinimumVisualStudioVersion = 10.0.40219.1
Project("{FAE04EC0-301F-11D3-BF4B-00C04F79EFBC}") = "Multithreading", "Multithreading\Multithreading.csproj", "{86685959-5736-4296-AE30-F05436C25964}"
EndProject
Global
	GlobalSection(SolutionConfigurationPlatforms) = preSolution
		Debug|Any CPU = Debug|Any CPU
		Release|Any CPU = Release|Any CPU
	EndGlobalSection
	GlobalSection(ProjectConfigurationPlatforms) = postSolution
		{86685959-5736-4296-AE30-F05436C25964}.Debug|Any CPU.ActiveCfg = Debug|Any CPU
		{86685959-5736-4296-AE30-F05436C25964}.Debug|Any CPU.Build.0 = Debug|Any CPU
		{86685959-5736-4296-AE30-F05436C25964}.Release|Any CPU.ActiveCfg = Release|Any CPU
		{86685959-5736-4296-AE30-F05436C25964}.Release|Any CPU.Build.0 = Release|Any CPU
	EndGlobalSection
	GlobalSection(SolutionProperties) = preSolution
		HideSolutionNode = FALSE
	EndGlobalSection
	GlobalSection(ExtensibilityGlobals) = postSolution
		SolutionGuid = {24C7D14C-2A0E-4805-A48C-5752BD5D87AD}
	EndGlobalSection
EndGlobal
